
Microsoft Visual Studio Solution File, Format Version 12.00
# Visual Studio Version 16
VisualStudioVersion = 16.0.31205.134
MinimumVisualStudioVersion = 10.0.40219.1
Project("{9A19103F-16F7-4668-BE54-9A1E7A4F7556}") = "Our.Umbraco.TagHelpers", "Our.Umbraco.TagHelpers\Our.Umbraco.TagHelpers.csproj", "{F94E5B58-2089-4B20-BB19-754AB96F154A}"
EndProject
Project("{9A19103F-16F7-4668-BE54-9A1E7A4F7556}") = "Our.Umbraco.TagHelpers.Tests", "Our.Umbraco.TagHelpers.Tests\Our.Umbraco.TagHelpers.Tests.csproj", "{EB19CFCF-C4E0-4189-8577-FEECA57B549A}"
EndProject
Project("{FAE04EC0-301F-11D3-BF4B-00C04F79EFBC}") = "Our.Umbraco.TagHelpers.Site", "Our.Umbraco.TagHelpers.Site\Our.Umbraco.TagHelpers.Site.csproj", "{3A9711AB-BD1C-4EDF-8581-6EB2E08B52FE}"
EndProject
Global
	GlobalSection(SolutionConfigurationPlatforms) = preSolution
		Debug|Any CPU = Debug|Any CPU
		Release|Any CPU = Release|Any CPU
	EndGlobalSection
	GlobalSection(ProjectConfigurationPlatforms) = postSolution
		{F94E5B58-2089-4B20-BB19-754AB96F154A}.Debug|Any CPU.ActiveCfg = Debug|Any CPU
		{F94E5B58-2089-4B20-BB19-754AB96F154A}.Debug|Any CPU.Build.0 = Debug|Any CPU
		{F94E5B58-2089-4B20-BB19-754AB96F154A}.Release|Any CPU.ActiveCfg = Release|Any CPU
		{F94E5B58-2089-4B20-BB19-754AB96F154A}.Release|Any CPU.Build.0 = Release|Any CPU
		{EB19CFCF-C4E0-4189-8577-FEECA57B549A}.Debug|Any CPU.ActiveCfg = Debug|Any CPU
		{EB19CFCF-C4E0-4189-8577-FEECA57B549A}.Debug|Any CPU.Build.0 = Debug|Any CPU
		{EB19CFCF-C4E0-4189-8577-FEECA57B549A}.Release|Any CPU.ActiveCfg = Release|Any CPU
		{EB19CFCF-C4E0-4189-8577-FEECA57B549A}.Release|Any CPU.Build.0 = Release|Any CPU
		{3A9711AB-BD1C-4EDF-8581-6EB2E08B52FE}.Debug|Any CPU.ActiveCfg = Debug|Any CPU
		{3A9711AB-BD1C-4EDF-8581-6EB2E08B52FE}.Debug|Any CPU.Build.0 = Debug|Any CPU
		{3A9711AB-BD1C-4EDF-8581-6EB2E08B52FE}.Release|Any CPU.ActiveCfg = Release|Any CPU
		{3A9711AB-BD1C-4EDF-8581-6EB2E08B52FE}.Release|Any CPU.Build.0 = Release|Any CPU
	EndGlobalSection
	GlobalSection(SolutionProperties) = preSolution
		HideSolutionNode = FALSE
	EndGlobalSection
	GlobalSection(ExtensibilityGlobals) = postSolution
		SolutionGuid = {108B7182-A7AD-4B54-9DE2-B432E1ED764B}
	EndGlobalSection
EndGlobal
